
Microsoft Visual Studio Solution File, Format Version 12.00
# Visual Studio Version 16
VisualStudioVersion = 16.0.29409.12
MinimumVisualStudioVersion = 10.0.40219.1
Project("{FAE04EC0-301F-11D3-BF4B-00C04F79EFBC}") = "LinqChallenges", "LinqChallenges\LinqChallenges.csproj", "{E039F3C0-4CA8-4AE9-8FF8-944E6F159C09}"
EndProject
Project("{FAE04EC0-301F-11D3-BF4B-00C04F79EFBC}") = "LinqChallengesTest", "LinqChallengesTest\LinqChallengesTest.csproj", "{134EC626-A4AC-4B83-8CB2-F2A4914AEC2E}"
EndProject
Project("{2150E333-8FDC-42A3-9474-1A3956D46DE8}") = "Solution Items", "Solution Items", "{5466CD19-5EDD-4E47-A581-C01274A5E481}"
	ProjectSection(SolutionItems) = preProject
		.gitignore = .gitignore
	EndProjectSection
EndProject
Global
	GlobalSection(SolutionConfigurationPlatforms) = preSolution
		Debug|Any CPU = Debug|Any CPU
		Release|Any CPU = Release|Any CPU
	EndGlobalSection
	GlobalSection(ProjectConfigurationPlatforms) = postSolution
		{E039F3C0-4CA8-4AE9-8FF8-944E6F159C09}.Debug|Any CPU.ActiveCfg = Debug|Any CPU
		{E039F3C0-4CA8-4AE9-8FF8-944E6F159C09}.Debug|Any CPU.Build.0 = Debug|Any CPU
		{E039F3C0-4CA8-4AE9-8FF8-944E6F159C09}.Release|Any CPU.ActiveCfg = Release|Any CPU
		{E039F3C0-4CA8-4AE9-8FF8-944E6F159C09}.Release|Any CPU.Build.0 = Release|Any CPU
		{134EC626-A4AC-4B83-8CB2-F2A4914AEC2E}.Debug|Any CPU.ActiveCfg = Debug|Any CPU
		{134EC626-A4AC-4B83-8CB2-F2A4914AEC2E}.Debug|Any CPU.Build.0 = Debug|Any CPU
		{134EC626-A4AC-4B83-8CB2-F2A4914AEC2E}.Release|Any CPU.ActiveCfg = Release|Any CPU
		{134EC626-A4AC-4B83-8CB2-F2A4914AEC2E}.Release|Any CPU.Build.0 = Release|Any CPU
	EndGlobalSection
	GlobalSection(SolutionProperties) = preSolution
		HideSolutionNode = FALSE
	EndGlobalSection
	GlobalSection(ExtensibilityGlobals) = postSolution
		SolutionGuid = {E2828F45-D8DC-4923-8855-78B14834BF33}
	EndGlobalSection
EndGlobal
